
Microsoft Visual Studio Solution File, Format Version 12.00
# Visual Studio Version 16
VisualStudioVersion = 16.0.32106.194
MinimumVisualStudioVersion = 10.0.40219.1
Project("{FAE04EC0-301F-11D3-BF4B-00C04F79EFBC}") = "Form_sort", "Form_sort\Form_sort.csproj", "{0E79FF80-EFA9-4C18-AACF-00E4589CDC81}"
EndProject
Global
	GlobalSection(SolutionConfigurationPlatforms) = preSolution
		Debug|Any CPU = Debug|Any CPU
		Release|Any CPU = Release|Any CPU
	EndGlobalSection
	GlobalSection(ProjectConfigurationPlatforms) = postSolution
		{0E79FF80-EFA9-4C18-AACF-00E4589CDC81}.Debug|Any CPU.ActiveCfg = Debug|Any CPU
		{0E79FF80-EFA9-4C18-AACF-00E4589CDC81}.Debug|Any CPU.Build.0 = Debug|Any CPU
		{0E79FF80-EFA9-4C18-AACF-00E4589CDC81}.Release|Any CPU.ActiveCfg = Release|Any CPU
		{0E79FF80-EFA9-4C18-AACF-00E4589CDC81}.Release|Any CPU.Build.0 = Release|Any CPU
	EndGlobalSection
	GlobalSection(SolutionProperties) = preSolution
		HideSolutionNode = FALSE
	EndGlobalSection
	GlobalSection(ExtensibilityGlobals) = postSolution
		SolutionGuid = {4D42535F-64CD-4FC5-A047-8B7905DFB57E}
	EndGlobalSection
EndGlobal
